
Microsoft Visual Studio Solution File, Format Version 12.00
# Visual Studio Version 16
VisualStudioVersion = 16.0.31112.23
MinimumVisualStudioVersion = 10.0.40219.1
Project("{FAE04EC0-301F-11D3-BF4B-00C04F79EFBC}") = "Template", "Template\Template.csproj", "{630091A8-2AE7-41E8-8B80-319F0C88E18A}"
EndProject
Global
	GlobalSection(SolutionConfigurationPlatforms) = preSolution
		Debug|Any CPU = Debug|Any CPU
		Release|Any CPU = Release|Any CPU
	EndGlobalSection
	GlobalSection(ProjectConfigurationPlatforms) = postSolution
		{630091A8-2AE7-41E8-8B80-319F0C88E18A}.Debug|Any CPU.ActiveCfg = Debug|Any CPU
		{630091A8-2AE7-41E8-8B80-319F0C88E18A}.Debug|Any CPU.Build.0 = Debug|Any CPU
		{630091A8-2AE7-41E8-8B80-319F0C88E18A}.Release|Any CPU.ActiveCfg = Release|Any CPU
		{630091A8-2AE7-41E8-8B80-319F0C88E18A}.Release|Any CPU.Build.0 = Release|Any CPU
	EndGlobalSection
	GlobalSection(SolutionProperties) = preSolution
		HideSolutionNode = FALSE
	EndGlobalSection
	GlobalSection(ExtensibilityGlobals) = postSolution
		SolutionGuid = {B42894BB-082C-4237-8D62-C7561A4A4B85}
	EndGlobalSection
EndGlobal
