
Microsoft Visual Studio Solution File, Format Version 12.00
# Visual Studio Version 16
VisualStudioVersion = 16.0.31112.23
MinimumVisualStudioVersion = 10.0.40219.1
Project("{9A19103F-16F7-4668-BE54-9A1E7A4F7556}") = "Template", "Template\Template.csproj", "{630091A8-2AE7-41E8-8B80-319F0C88E18A}"
EndProject
Project("{2150E333-8FDC-42A3-9474-1A3956D46DE8}") = "1-Web", "1-Web", "{046BA75A-3D7D-4A86-A719-6AAC976C2AB0}"
EndProject
Project("{2150E333-8FDC-42A3-9474-1A3956D46DE8}") = "2-Application", "2-Application", "{AC666902-BA6D-4096-B5D3-33837FF9B66B}"
EndProject
Project("{2150E333-8FDC-42A3-9474-1A3956D46DE8}") = "3-Domain", "3-Domain", "{E4668510-C38A-44C7-811A-F6DD13FFFD9C}"
EndProject
Project("{2150E333-8FDC-42A3-9474-1A3956D46DE8}") = "4-Infra", "4-Infra", "{B512ACD6-264F-4477-8DE3-FF2E59B31CE9}"
EndProject
Project("{9A19103F-16F7-4668-BE54-9A1E7A4F7556}") = "Template.Application", "Template.Application\Template.Application.csproj", "{0F1E04C1-89C6-4DC0-B660-2F077FA33585}"
EndProject
Project("{9A19103F-16F7-4668-BE54-9A1E7A4F7556}") = "Template.Domain", "Template.Domain\Template.Domain.csproj", "{1213BBE0-0D26-4B63-8295-AAC74CC8B455}"
EndProject
Project("{2150E333-8FDC-42A3-9474-1A3956D46DE8}") = "4.1-Data", "4.1-Data", "{73EB323F-3905-40CA-B234-69EB53F3EF31}"
EndProject
Project("{2150E333-8FDC-42A3-9474-1A3956D46DE8}") = "4.2-CrossCutting", "4.2-CrossCutting", "{DEF69A2A-5FAD-45E9-A99F-A63DB13E8E82}"
EndProject
Project("{9A19103F-16F7-4668-BE54-9A1E7A4F7556}") = "Template.Data", "Template.Data\Template.Data.csproj", "{FB7F056D-51D6-4AE5-BC4D-48DDFAAAE9F7}"
EndProject
Project("{9A19103F-16F7-4668-BE54-9A1E7A4F7556}") = "Template.IoC", "Template.IoC\Template.IoC.csproj", "{6B843887-9400-44FC-BA2C-229F90D39A52}"
EndProject
Project("{FAE04EC0-301F-11D3-BF4B-00C04F79EFBC}") = "Template.Swagger", "Template.Swagger\Template.Swagger.csproj", "{C632088E-2A1E-403C-83DE-DEA3C722EF99}"
EndProject
Global
	GlobalSection(SolutionConfigurationPlatforms) = preSolution
		Debug|Any CPU = Debug|Any CPU
		Release|Any CPU = Release|Any CPU
	EndGlobalSection
	GlobalSection(ProjectConfigurationPlatforms) = postSolution
		{630091A8-2AE7-41E8-8B80-319F0C88E18A}.Debug|Any CPU.ActiveCfg = Debug|Any CPU
		{630091A8-2AE7-41E8-8B80-319F0C88E18A}.Debug|Any CPU.Build.0 = Debug|Any CPU
		{630091A8-2AE7-41E8-8B80-319F0C88E18A}.Release|Any CPU.ActiveCfg = Release|Any CPU
		{630091A8-2AE7-41E8-8B80-319F0C88E18A}.Release|Any CPU.Build.0 = Release|Any CPU
		{0F1E04C1-89C6-4DC0-B660-2F077FA33585}.Debug|Any CPU.ActiveCfg = Debug|Any CPU
		{0F1E04C1-89C6-4DC0-B660-2F077FA33585}.Debug|Any CPU.Build.0 = Debug|Any CPU
		{0F1E04C1-89C6-4DC0-B660-2F077FA33585}.Release|Any CPU.ActiveCfg = Release|Any CPU
		{0F1E04C1-89C6-4DC0-B660-2F077FA33585}.Release|Any CPU.Build.0 = Release|Any CPU
		{1213BBE0-0D26-4B63-8295-AAC74CC8B455}.Debug|Any CPU.ActiveCfg = Debug|Any CPU
		{1213BBE0-0D26-4B63-8295-AAC74CC8B455}.Debug|Any CPU.Build.0 = Debug|Any CPU
		{1213BBE0-0D26-4B63-8295-AAC74CC8B455}.Release|Any CPU.ActiveCfg = Release|Any CPU
		{1213BBE0-0D26-4B63-8295-AAC74CC8B455}.Release|Any CPU.Build.0 = Release|Any CPU
		{FB7F056D-51D6-4AE5-BC4D-48DDFAAAE9F7}.Debug|Any CPU.ActiveCfg = Debug|Any CPU
		{FB7F056D-51D6-4AE5-BC4D-48DDFAAAE9F7}.Debug|Any CPU.Build.0 = Debug|Any CPU
		{FB7F056D-51D6-4AE5-BC4D-48DDFAAAE9F7}.Release|Any CPU.ActiveCfg = Release|Any CPU
		{FB7F056D-51D6-4AE5-BC4D-48DDFAAAE9F7}.Release|Any CPU.Build.0 = Release|Any CPU
		{6B843887-9400-44FC-BA2C-229F90D39A52}.Debug|Any CPU.ActiveCfg = Debug|Any CPU
		{6B843887-9400-44FC-BA2C-229F90D39A52}.Debug|Any CPU.Build.0 = Debug|Any CPU
		{6B843887-9400-44FC-BA2C-229F90D39A52}.Release|Any CPU.ActiveCfg = Release|Any CPU
		{6B843887-9400-44FC-BA2C-229F90D39A52}.Release|Any CPU.Build.0 = Release|Any CPU
		{C632088E-2A1E-403C-83DE-DEA3C722EF99}.Debug|Any CPU.ActiveCfg = Debug|Any CPU
		{C632088E-2A1E-403C-83DE-DEA3C722EF99}.Debug|Any CPU.Build.0 = Debug|Any CPU
		{C632088E-2A1E-403C-83DE-DEA3C722EF99}.Release|Any CPU.ActiveCfg = Release|Any CPU
		{C632088E-2A1E-403C-83DE-DEA3C722EF99}.Release|Any CPU.Build.0 = Release|Any CPU
	EndGlobalSection
	GlobalSection(SolutionProperties) = preSolution
		HideSolutionNode = FALSE
	EndGlobalSection
	GlobalSection(NestedProjects) = preSolution
		{630091A8-2AE7-41E8-8B80-319F0C88E18A} = {046BA75A-3D7D-4A86-A719-6AAC976C2AB0}
		{0F1E04C1-89C6-4DC0-B660-2F077FA33585} = {AC666902-BA6D-4096-B5D3-33837FF9B66B}
		{1213BBE0-0D26-4B63-8295-AAC74CC8B455} = {E4668510-C38A-44C7-811A-F6DD13FFFD9C}
		{73EB323F-3905-40CA-B234-69EB53F3EF31} = {B512ACD6-264F-4477-8DE3-FF2E59B31CE9}
		{DEF69A2A-5FAD-45E9-A99F-A63DB13E8E82} = {B512ACD6-264F-4477-8DE3-FF2E59B31CE9}
		{FB7F056D-51D6-4AE5-BC4D-48DDFAAAE9F7} = {73EB323F-3905-40CA-B234-69EB53F3EF31}
		{6B843887-9400-44FC-BA2C-229F90D39A52} = {DEF69A2A-5FAD-45E9-A99F-A63DB13E8E82}
		{C632088E-2A1E-403C-83DE-DEA3C722EF99} = {DEF69A2A-5FAD-45E9-A99F-A63DB13E8E82}
	EndGlobalSection
	GlobalSection(ExtensibilityGlobals) = postSolution
		SolutionGuid = {B42894BB-082C-4237-8D62-C7561A4A4B85}
	EndGlobalSection
EndGlobal
